
Microsoft Visual Studio Solution File, Format Version 12.00
# Visual Studio Version 17
VisualStudioVersion = 17.0.32014.148
MinimumVisualStudioVersion = 10.0.40219.1
Project("{FAE04EC0-301F-11D3-BF4B-00C04F79EFBC}") = "patika_19", "patika_19.csproj", "{0BA34C39-7B1B-4298-BAC2-945E233A997C}"
EndProject
Global
	GlobalSection(SolutionConfigurationPlatforms) = preSolution
		Debug|Any CPU = Debug|Any CPU
		Release|Any CPU = Release|Any CPU
	EndGlobalSection
	GlobalSection(ProjectConfigurationPlatforms) = postSolution
		{0BA34C39-7B1B-4298-BAC2-945E233A997C}.Debug|Any CPU.ActiveCfg = Debug|Any CPU
		{0BA34C39-7B1B-4298-BAC2-945E233A997C}.Debug|Any CPU.Build.0 = Debug|Any CPU
		{0BA34C39-7B1B-4298-BAC2-945E233A997C}.Release|Any CPU.ActiveCfg = Release|Any CPU
		{0BA34C39-7B1B-4298-BAC2-945E233A997C}.Release|Any CPU.Build.0 = Release|Any CPU
	EndGlobalSection
	GlobalSection(SolutionProperties) = preSolution
		HideSolutionNode = FALSE
	EndGlobalSection
	GlobalSection(ExtensibilityGlobals) = postSolution
		SolutionGuid = {3CB35F36-CED6-44EA-B603-743F2C3B8F7F}
	EndGlobalSection
EndGlobal
